// !$*UTF8*$!
{
	archiveVersion = 1;
	classes = {
	};
	objectVersion = 56;
	objects = {

/* Begin PBXBuildFile section */
		E2FA3BF62AB8620500EE2B8D /* allConvertApp.swift in Sources */ = {isa = PBXBuildFile; fileRef = E2FA3BF52AB8620500EE2B8D /* allConvertApp.swift */; };
		E2FA3BF82AB8620500EE2B8D /* ContentView.swift in Sources */ = {isa = PBXBuildFile; fileRef = E2FA3BF72AB8620500EE2B8D /* ContentView.swift */; };
		E2FA3BFA2AB8620600EE2B8D /* Assets.xcassets in Resources */ = {isa = PBXBuildFile; fileRef = E2FA3BF92AB8620600EE2B8D /* Assets.xcassets */; };
		E2FA3BFD2AB8620600EE2B8D /* Preview Assets.xcassets in Resources */ = {isa = PBXBuildFile; fileRef = E2FA3BFC2AB8620600EE2B8D /* Preview Assets.xcassets */; };
		E2FA3C112AB867E200EE2B8D /* MassConversionView.swift in Sources */ = {isa = PBXBuildFile; fileRef = E2FA3C102AB867E200EE2B8D /* MassConversionView.swift */; };
		E2FA3C132AB8680400EE2B8D /* TempratureConversionView.swift in Sources */ = {isa = PBXBuildFile; fileRef = E2FA3C122AB8680400EE2B8D /* TempratureConversionView.swift */; };
		E2FA3C152AB8681300EE2B8D /* VelocityConversionView.swift in Sources */ = {isa = PBXBuildFile; fileRef = E2FA3C142AB8681300EE2B8D /* VelocityConversionView.swift */; };
		E2FA3C172AB8682F00EE2B8D /* LengthConversionView.swift in Sources */ = {isa = PBXBuildFile; fileRef = E2FA3C162AB8682F00EE2B8D /* LengthConversionView.swift */; };
		E2FA3C192AB8683E00EE2B8D /* VolumeConversionView.swift in Sources */ = {isa = PBXBuildFile; fileRef = E2FA3C182AB8683E00EE2B8D /* VolumeConversionView.swift */; };
		E2FA3C1B2AB8684B00EE2B8D /* ForceConversionView.swift in Sources */ = {isa = PBXBuildFile; fileRef = E2FA3C1A2AB8684B00EE2B8D /* ForceConversionView.swift */; };
		E2FA3C1D2AB8685900EE2B8D /* PowerConversionView.swift in Sources */ = {isa = PBXBuildFile; fileRef = E2FA3C1C2AB8685900EE2B8D /* PowerConversionView.swift */; };
		E2FA3C1F2AB8686700EE2B8D /* CurrentConversionView.swift in Sources */ = {isa = PBXBuildFile; fileRef = E2FA3C1E2AB8686700EE2B8D /* CurrentConversionView.swift */; };
		E2FA3C212AB8687300EE2B8D /* PressureConversionView.swift in Sources */ = {isa = PBXBuildFile; fileRef = E2FA3C202AB8687300EE2B8D /* PressureConversionView.swift */; };
/* End PBXBuildFile section */

/* Begin PBXFileReference section */
		E2FA3BF22AB8620500EE2B8D /* allConvert.app */ = {isa = PBXFileReference; explicitFileType = wrapper.application; includeInIndex = 0; path = allConvert.app; sourceTree = BUILT_PRODUCTS_DIR; };
		E2FA3BF52AB8620500EE2B8D /* allConvertApp.swift */ = {isa = PBXFileReference; lastKnownFileType = sourcecode.swift; path = allConvertApp.swift; sourceTree = "<group>"; };
		E2FA3BF72AB8620500EE2B8D /* ContentView.swift */ = {isa = PBXFileReference; lastKnownFileType = sourcecode.swift; path = ContentView.swift; sourceTree = "<group>"; };
		E2FA3BF92AB8620600EE2B8D /* Assets.xcassets */ = {isa = PBXFileReference; lastKnownFileType = folder.assetcatalog; path = Assets.xcassets; sourceTree = "<group>"; };
		E2FA3BFC2AB8620600EE2B8D /* Preview Assets.xcassets */ = {isa = PBXFileReference; lastKnownFileType = folder.assetcatalog; path = "Preview Assets.xcassets"; sourceTree = "<group>"; };
		E2FA3C102AB867E200EE2B8D /* MassConversionView.swift */ = {isa = PBXFileReference; lastKnownFileType = sourcecode.swift; path = MassConversionView.swift; sourceTree = "<group>"; };
		E2FA3C122AB8680400EE2B8D /* TempratureConversionView.swift */ = {isa = PBXFileReference; lastKnownFileType = sourcecode.swift; path = TempratureConversionView.swift; sourceTree = "<group>"; };
		E2FA3C142AB8681300EE2B8D /* VelocityConversionView.swift */ = {isa = PBXFileReference; lastKnownFileType = sourcecode.swift; path = VelocityConversionView.swift; sourceTree = "<group>"; };
		E2FA3C162AB8682F00EE2B8D /* LengthConversionView.swift */ = {isa = PBXFileReference; lastKnownFileType = sourcecode.swift; path = LengthConversionView.swift; sourceTree = "<group>"; };
		E2FA3C182AB8683E00EE2B8D /* VolumeConversionView.swift */ = {isa = PBXFileReference; lastKnownFileType = sourcecode.swift; path = VolumeConversionView.swift; sourceTree = "<group>"; };
		E2FA3C1A2AB8684B00EE2B8D /* ForceConversionView.swift */ = {isa = PBXFileReference; lastKnownFileType = sourcecode.swift; path = ForceConversionView.swift; sourceTree = "<group>"; };
		E2FA3C1C2AB8685900EE2B8D /* PowerConversionView.swift */ = {isa = PBXFileReference; lastKnownFileType = sourcecode.swift; path = PowerConversionView.swift; sourceTree = "<group>"; };
		E2FA3C1E2AB8686700EE2B8D /* CurrentConversionView.swift */ = {isa = PBXFileReference; lastKnownFileType = sourcecode.swift; path = CurrentConversionView.swift; sourceTree = "<group>"; };
		E2FA3C202AB8687300EE2B8D /* PressureConversionView.swift */ = {isa = PBXFileReference; lastKnownFileType = sourcecode.swift; path = PressureConversionView.swift; sourceTree = "<group>"; };
/* End PBXFileReference section */

/* Begin PBXFrameworksBuildPhase section */
		E2FA3BEF2AB8620500EE2B8D /* Frameworks */ = {
			isa = PBXFrameworksBuildPhase;
			buildActionMask = 2147483647;
			files = (
			);
			runOnlyForDeploymentPostprocessing = 0;
		};
/* End PBXFrameworksBuildPhase section */

/* Begin PBXGroup section */
		E2FA3BE92AB8620500EE2B8D = {
			isa = PBXGroup;
			children = (
				E2FA3BF42AB8620500EE2B8D /* allConvert */,
				E2FA3BF32AB8620500EE2B8D /* Products */,
			);
			sourceTree = "<group>";
		};
		E2FA3BF32AB8620500EE2B8D /* Products */ = {
			isa = PBXGroup;
			children = (
				E2FA3BF22AB8620500EE2B8D /* allConvert.app */,
			);
			name = Products;
			sourceTree = "<group>";
		};
		E2FA3BF42AB8620500EE2B8D /* allConvert */ = {
			isa = PBXGroup;
			children = (
				E2FA3BF52AB8620500EE2B8D /* allConvertApp.swift */,
				E2FA3BF72AB8620500EE2B8D /* ContentView.swift */,
				E2FA3BF92AB8620600EE2B8D /* Assets.xcassets */,
				E2FA3BFB2AB8620600EE2B8D /* Preview Content */,
				E2FA3C102AB867E200EE2B8D /* MassConversionView.swift */,
				E2FA3C122AB8680400EE2B8D /* TempratureConversionView.swift */,
				E2FA3C142AB8681300EE2B8D /* VelocityConversionView.swift */,
				E2FA3C162AB8682F00EE2B8D /* LengthConversionView.swift */,
				E2FA3C182AB8683E00EE2B8D /* VolumeConversionView.swift */,
				E2FA3C1A2AB8684B00EE2B8D /* ForceConversionView.swift */,
				E2FA3C1C2AB8685900EE2B8D /* PowerConversionView.swift */,
				E2FA3C1E2AB8686700EE2B8D /* CurrentConversionView.swift */,
				E2FA3C202AB8687300EE2B8D /* PressureConversionView.swift */,
			);
			path = allConvert;
			sourceTree = "<group>";
		};
		E2FA3BFB2AB8620600EE2B8D /* Preview Content */ = {
			isa = PBXGroup;
			children = (
				E2FA3BFC2AB8620600EE2B8D /* Preview Assets.xcassets */,
			);
			path = "Preview Content";
			sourceTree = "<group>";
		};
/* End PBXGroup section */

/* Begin PBXNativeTarget section */
		E2FA3BF12AB8620500EE2B8D /* allConvert */ = {
			isa = PBXNativeTarget;
			buildConfigurationList = E2FA3C002AB8620600EE2B8D /* Build configuration list for PBXNativeTarget "allConvert" */;
			buildPhases = (
				E2FA3BEE2AB8620500EE2B8D /* Sources */,
				E2FA3BEF2AB8620500EE2B8D /* Frameworks */,
				E2FA3BF02AB8620500EE2B8D /* Resources */,
			);
			buildRules = (
			);
			dependencies = (
			);
			name = allConvert;
			productName = allConvert;
			productReference = E2FA3BF22AB8620500EE2B8D /* allConvert.app */;
			productType = "com.apple.product-type.application";
		};
/* End PBXNativeTarget section */

/* Begin PBXProject section */
		E2FA3BEA2AB8620500EE2B8D /* Project object */ = {
			isa = PBXProject;
			attributes = {
				BuildIndependentTargetsInParallel = 1;
				LastSwiftUpdateCheck = 1500;
				LastUpgradeCheck = 1500;
				TargetAttributes = {
					E2FA3BF12AB8620500EE2B8D = {
						CreatedOnToolsVersion = 15.0;
					};
				};
			};
			buildConfigurationList = E2FA3BED2AB8620500EE2B8D /* Build configuration list for PBXProject "allConvert" */;
			compatibilityVersion = "Xcode 14.0";
			developmentRegion = en;
			hasScannedForEncodings = 0;
			knownRegions = (
				en,
				Base,
			);
			mainGroup = E2FA3BE92AB8620500EE2B8D;
			productRefGroup = E2FA3BF32AB8620500EE2B8D /* Products */;
			projectDirPath = "";
			projectRoot = "";
			targets = (
				E2FA3BF12AB8620500EE2B8D /* allConvert */,
			);
		};
/* End PBXProject section */

/* Begin PBXResourcesBuildPhase section */
		E2FA3BF02AB8620500EE2B8D /* Resources */ = {
			isa = PBXResourcesBuildPhase;
			buildActionMask = 2147483647;
			files = (
				E2FA3BFD2AB8620600EE2B8D /* Preview Assets.xcassets in Resources */,
				E2FA3BFA2AB8620600EE2B8D /* Assets.xcassets in Resources */,
			);
			runOnlyForDeploymentPostprocessing = 0;
		};
/* End PBXResourcesBuildPhase section */

/* Begin PBXSourcesBuildPhase section */
		E2FA3BEE2AB8620500EE2B8D /* Sources */ = {
			isa = PBXSourcesBuildPhase;
			buildActionMask = 2147483647;
			files = (
				E2FA3C172AB8682F00EE2B8D /* LengthConversionView.swift in Sources */,
				E2FA3C112AB867E200EE2B8D /* MassConversionView.swift in Sources */,
				E2FA3C1F2AB8686700EE2B8D /* CurrentConversionView.swift in Sources */,
				E2FA3C1D2AB8685900EE2B8D /* PowerConversionView.swift in Sources */,
				E2FA3C212AB8687300EE2B8D /* PressureConversionView.swift in Sources */,
				E2FA3BF82AB8620500EE2B8D /* ContentView.swift in Sources */,
				E2FA3BF62AB8620500EE2B8D /* allConvertApp.swift in Sources */,
				E2FA3C132AB8680400EE2B8D /* TempratureConversionView.swift in Sources */,
				E2FA3C1B2AB8684B00EE2B8D /* ForceConversionView.swift in Sources */,
				E2FA3C192AB8683E00EE2B8D /* VolumeConversionView.swift in Sources */,
				E2FA3C152AB8681300EE2B8D /* VelocityConversionView.swift in Sources */,
			);
			runOnlyForDeploymentPostprocessing = 0;
		};
/* End PBXSourcesBuildPhase section */

/* Begin XCBuildConfiguration section */
		E2FA3BFE2AB8620600EE2B8D /* Debug */ = {
			isa = XCBuildConfiguration;
			buildSettings = {
				ALWAYS_SEARCH_USER_PATHS = NO;
				ASSETCATALOG_COMPILER_GENERATE_SWIFT_ASSET_SYMBOL_EXTENSIONS = YES;
				CLANG_ANALYZER_NONNULL = YES;
				CLANG_ANALYZER_NUMBER_OBJECT_CONVERSION = YES_AGGRESSIVE;
				CLANG_CXX_LANGUAGE_STANDARD = "gnu++20";
				CLANG_ENABLE_MODULES = YES;
				CLANG_ENABLE_OBJC_ARC = YES;
				CLANG_ENABLE_OBJC_WEAK = YES;
				CLANG_WARN_BLOCK_CAPTURE_AUTORELEASING = YES;
				CLANG_WARN_BOOL_CONVERSION = YES;
				CLANG_WARN_COMMA = YES;
				CLANG_WARN_CONSTANT_CONVERSION = YES;
				CLANG_WARN_DEPRECATED_OBJC_IMPLEMENTATIONS = YES;
				CLANG_WARN_DIRECT_OBJC_ISA_USAGE = YES_ERROR;
				CLANG_WARN_DOCUMENTATION_COMMENTS = YES;
				CLANG_WARN_EMPTY_BODY = YES;
				CLANG_WARN_ENUM_CONVERSION = YES;
				CLANG_WARN_INFINITE_RECURSION = YES;
				CLANG_WARN_INT_CONVERSION = YES;
				CLANG_WARN_NON_LITERAL_NULL_CONVERSION = YES;
				CLANG_WARN_OBJC_IMPLICIT_RETAIN_SELF = YES;
				CLANG_WARN_OBJC_LITERAL_CONVERSION = YES;
				CLANG_WARN_OBJC_ROOT_CLASS = YES_ERROR;
				CLANG_WARN_QUOTED_INCLUDE_IN_FRAMEWORK_HEADER = YES;
				CLANG_WARN_RANGE_LOOP_ANALYSIS = YES;
				CLANG_WARN_STRICT_PROTOTYPES = YES;
				CLANG_WARN_SUSPICIOUS_MOVE = YES;
				CLANG_WARN_UNGUARDED_AVAILABILITY = YES_AGGRESSIVE;
				CLANG_WARN_UNREACHABLE_CODE = YES;
				CLANG_WARN__DUPLICATE_METHOD_MATCH = YES;
				COPY_PHASE_STRIP = NO;
				DEBUG_INFORMATION_FORMAT = dwarf;
				ENABLE_STRICT_OBJC_MSGSEND = YES;
				ENABLE_TESTABILITY = YES;
				ENABLE_USER_SCRIPT_SANDBOXING = YES;
				GCC_C_LANGUAGE_STANDARD = gnu17;
				GCC_DYNAMIC_NO_PIC = NO;
				GCC_NO_COMMON_BLOCKS = YES;
				GCC_OPTIMIZATION_LEVEL = 0;
				GCC_PREPROCESSOR_DEFINITIONS = (
					"DEBUG=1",
					"$(inherited)",
				);
				GCC_WARN_64_TO_32_BIT_CONVERSION = YES;
				GCC_WARN_ABOUT_RETURN_TYPE = YES_ERROR;
				GCC_WARN_UNDECLARED_SELECTOR = YES;
				GCC_WARN_UNINITIALIZED_AUTOS = YES_AGGRESSIVE;
				GCC_WARN_UNUSED_FUNCTION = YES;
				GCC_WARN_UNUSED_VARIABLE = YES;
				IPHONEOS_DEPLOYMENT_TARGET = 17.0;
				LOCALIZATION_PREFERS_STRING_CATALOGS = YES;
				MTL_ENABLE_DEBUG_INFO = INCLUDE_SOURCE;
				MTL_FAST_MATH = YES;
				ONLY_ACTIVE_ARCH = YES;
				SDKROOT = iphoneos;
				SWIFT_ACTIVE_COMPILATION_CONDITIONS = "DEBUG $(inherited)";
				SWIFT_OPTIMIZATION_LEVEL = "-Onone";
			};
			name = Debug;
		};
		E2FA3BFF2AB8620600EE2B8D /* Release */ = {
			isa = XCBuildConfiguration;
			buildSettings = {
				ALWAYS_SEARCH_USER_PATHS = NO;
				ASSETCATALOG_COMPILER_GENERATE_SWIFT_ASSET_SYMBOL_EXTENSIONS = YES;
				CLANG_ANALYZER_NONNULL = YES;
				CLANG_ANALYZER_NUMBER_OBJECT_CONVERSION = YES_AGGRESSIVE;
				CLANG_CXX_LANGUAGE_STANDARD = "gnu++20";
				CLANG_ENABLE_MODULES = YES;
				CLANG_ENABLE_OBJC_ARC = YES;
				CLANG_ENABLE_OBJC_WEAK = YES;
				CLANG_WARN_BLOCK_CAPTURE_AUTORELEASING = YES;
				CLANG_WARN_BOOL_CONVERSION = YES;
				CLANG_WARN_COMMA = YES;
				CLANG_WARN_CONSTANT_CONVERSION = YES;
				CLANG_WARN_DEPRECATED_OBJC_IMPLEMENTATIONS = YES;
				CLANG_WARN_DIRECT_OBJC_ISA_USAGE = YES_ERROR;
				CLANG_WARN_DOCUMENTATION_COMMENTS = YES;
				CLANG_WARN_EMPTY_BODY = YES;
				CLANG_WARN_ENUM_CONVERSION = YES;
				CLANG_WARN_INFINITE_RECURSION = YES;
				CLANG_WARN_INT_CONVERSION = YES;
				CLANG_WARN_NON_LITERAL_NULL_CONVERSION = YES;
				CLANG_WARN_OBJC_IMPLICIT_RETAIN_SELF = YES;
				CLANG_WARN_OBJC_LITERAL_CONVERSION = YES;
				CLANG_WARN_OBJC_ROOT_CLASS = YES_ERROR;
				CLANG_WARN_QUOTED_INCLUDE_IN_FRAMEWORK_HEADER = YES;
				CLANG_WARN_RANGE_LOOP_ANALYSIS = YES;
				CLANG_WARN_STRICT_PROTOTYPES = YES;
				CLANG_WARN_SUSPICIOUS_MOVE = YES;
				CLANG_WARN_UNGUARDED_AVAILABILITY = YES_AGGRESSIVE;
				CLANG_WARN_UNREACHABLE_CODE = YES;
				CLANG_WARN__DUPLICATE_METHOD_MATCH = YES;
				COPY_PHASE_STRIP = NO;
				DEBUG_INFORMATION_FORMAT = "dwarf-with-dsym";
				ENABLE_NS_ASSERTIONS = NO;
				ENABLE_STRICT_OBJC_MSGSEND = YES;
				ENABLE_USER_SCRIPT_SANDBOXING = YES;
				GCC_C_LANGUAGE_STANDARD = gnu17;
				GCC_NO_COMMON_BLOCKS = YES;
				GCC_WARN_64_TO_32_BIT_CONVERSION = YES;
				GCC_WARN_ABOUT_RETURN_TYPE = YES_ERROR;
				GCC_WARN_UNDECLARED_SELECTOR = YES;
				GCC_WARN_UNINITIALIZED_AUTOS = YES_AGGRESSIVE;
				GCC_WARN_UNUSED_FUNCTION = YES;
				GCC_WARN_UNUSED_VARIABLE = YES;
				IPHONEOS_DEPLOYMENT_TARGET = 17.0;
				LOCALIZATION_PREFERS_STRING_CATALOGS = YES;
				MTL_ENABLE_DEBUG_INFO = NO;
				MTL_FAST_MATH = YES;
				SDKROOT = iphoneos;
				SWIFT_COMPILATION_MODE = wholemodule;
				VALIDATE_PRODUCT = YES;
			};
			name = Release;
		};
		E2FA3C012AB8620600EE2B8D /* Debug */ = {
			isa = XCBuildConfiguration;
			buildSettings = {
				ASSETCATALOG_COMPILER_APPICON_NAME = AppIcon;
				ASSETCATALOG_COMPILER_GLOBAL_ACCENT_COLOR_NAME = AccentColor;
				CODE_SIGN_STYLE = Automatic;
				CURRENT_PROJECT_VERSION = 1;
				DEVELOPMENT_ASSET_PATHS = "\"allConvert/Preview Content\"";
				DEVELOPMENT_TEAM = 86MBQB487S;
				ENABLE_PREVIEWS = YES;
				GENERATE_INFOPLIST_FILE = YES;
				INFOPLIST_KEY_UIApplicationSceneManifest_Generation = YES;
				INFOPLIST_KEY_UIApplicationSupportsIndirectInputEvents = YES;
				INFOPLIST_KEY_UILaunchScreen_Generation = YES;
				INFOPLIST_KEY_UISupportedInterfaceOrientations = UIInterfaceOrientationPortrait;
				INFOPLIST_KEY_UISupportedInterfaceOrientations_iPad = "UIInterfaceOrientationLandscapeLeft UIInterfaceOrientationLandscapeRight UIInterfaceOrientationPortrait UIInterfaceOrientationPortraitUpsideDown";
				LD_RUNPATH_SEARCH_PATHS = (
					"$(inherited)",
					"@executable_path/Frameworks",
				);
				MARKETING_VERSION = 1.0;
				PRODUCT_BUNDLE_IDENTIFIER = com.adityakumar.allConvert;
				PRODUCT_NAME = "$(TARGET_NAME)";
				SWIFT_EMIT_LOC_STRINGS = YES;
				SWIFT_VERSION = 5.0;
				TARGETED_DEVICE_FAMILY = "1,2";
			};
			name = Debug;
		};
		E2FA3C022AB8620600EE2B8D /* Release */ = {
			isa = XCBuildConfiguration;
			buildSettings = {
				ASSETCATALOG_COMPILER_APPICON_NAME = AppIcon;
				ASSETCATALOG_COMPILER_GLOBAL_ACCENT_COLOR_NAME = AccentColor;
				CODE_SIGN_STYLE = Automatic;
				CURRENT_PROJECT_VERSION = 1;
				DEVELOPMENT_ASSET_PATHS = "\"allConvert/Preview Content\"";
				DEVELOPMENT_TEAM = 86MBQB487S;
				ENABLE_PREVIEWS = YES;
				GENERATE_INFOPLIST_FILE = YES;
				INFOPLIST_KEY_UIApplicationSceneManifest_Generation = YES;
				INFOPLIST_KEY_UIApplicationSupportsIndirectInputEvents = YES;
				INFOPLIST_KEY_UILaunchScreen_Generation = YES;
				INFOPLIST_KEY_UISupportedInterfaceOrientations = UIInterfaceOrientationPortrait;
				INFOPLIST_KEY_UISupportedInterfaceOrientations_iPad = "UIInterfaceOrientationLandscapeLeft UIInterfaceOrientationLandscapeRight UIInterfaceOrientationPortrait UIInterfaceOrientationPortraitUpsideDown";
				LD_RUNPATH_SEARCH_PATHS = (
					"$(inherited)",
					"@executable_path/Frameworks",
				);
				MARKETING_VERSION = 1.0;
				PRODUCT_BUNDLE_IDENTIFIER = com.adityakumar.allConvert;
				PRODUCT_NAME = "$(TARGET_NAME)";
				SWIFT_EMIT_LOC_STRINGS = YES;
				SWIFT_VERSION = 5.0;
				TARGETED_DEVICE_FAMILY = "1,2";
			};
			name = Release;
		};
/* End XCBuildConfiguration section */

/* Begin XCConfigurationList section */
		E2FA3BED2AB8620500EE2B8D /* Build configuration list for PBXProject "allConvert" */ = {
			isa = XCConfigurationList;
			buildConfigurations = (
				E2FA3BFE2AB8620600EE2B8D /* Debug */,
				E2FA3BFF2AB8620600EE2B8D /* Release */,
			);
			defaultConfigurationIsVisible = 0;
			defaultConfigurationName = Release;
		};
		E2FA3C002AB8620600EE2B8D /* Build configuration list for PBXNativeTarget "allConvert" */ = {
			isa = XCConfigurationList;
			buildConfigurations = (
				E2FA3C012AB8620600EE2B8D /* Debug */,
				E2FA3C022AB8620600EE2B8D /* Release */,
			);
			defaultConfigurationIsVisible = 0;
			defaultConfigurationName = Release;
		};
/* End XCConfigurationList section */
	};
	rootObject = E2FA3BEA2AB8620500EE2B8D /* Project object */;
}
